
Microsoft Visual Studio Solution File, Format Version 12.00
# Visual Studio Version 16
VisualStudioVersion = 16.0.30611.23
MinimumVisualStudioVersion = 10.0.40219.1
Project("{FAE04EC0-301F-11D3-BF4B-00C04F79EFBC}") = "laboratorul_4", "laboratorul_4\laboratorul_4.csproj", "{C456FB8C-3DC0-4BEC-A228-42F9E82FB8F2}"
EndProject
Global
	GlobalSection(SolutionConfigurationPlatforms) = preSolution
		Debug|Any CPU = Debug|Any CPU
		Release|Any CPU = Release|Any CPU
	EndGlobalSection
	GlobalSection(ProjectConfigurationPlatforms) = postSolution
		{C456FB8C-3DC0-4BEC-A228-42F9E82FB8F2}.Debug|Any CPU.ActiveCfg = Debug|Any CPU
		{C456FB8C-3DC0-4BEC-A228-42F9E82FB8F2}.Debug|Any CPU.Build.0 = Debug|Any CPU
		{C456FB8C-3DC0-4BEC-A228-42F9E82FB8F2}.Release|Any CPU.ActiveCfg = Release|Any CPU
		{C456FB8C-3DC0-4BEC-A228-42F9E82FB8F2}.Release|Any CPU.Build.0 = Release|Any CPU
	EndGlobalSection
	GlobalSection(SolutionProperties) = preSolution
		HideSolutionNode = FALSE
	EndGlobalSection
	GlobalSection(ExtensibilityGlobals) = postSolution
		SolutionGuid = {3AB0C8AC-8CC0-4855-B98A-6F4DCA404D5C}
	EndGlobalSection
EndGlobal
