
Microsoft Visual Studio Solution File, Format Version 12.00
# Visual Studio Version 16
VisualStudioVersion = 16.0.30611.23
MinimumVisualStudioVersion = 10.0.40219.1
Project("{FAE04EC0-301F-11D3-BF4B-00C04F79EFBC}") = "laboratorul_8", "laboratorul_8\laboratorul_8.csproj", "{9F6A4F80-F04A-48C9-AECB-C0F39589AD83}"
EndProject
Global
	GlobalSection(SolutionConfigurationPlatforms) = preSolution
		Debug|Any CPU = Debug|Any CPU
		Release|Any CPU = Release|Any CPU
	EndGlobalSection
	GlobalSection(ProjectConfigurationPlatforms) = postSolution
		{9F6A4F80-F04A-48C9-AECB-C0F39589AD83}.Debug|Any CPU.ActiveCfg = Debug|Any CPU
		{9F6A4F80-F04A-48C9-AECB-C0F39589AD83}.Debug|Any CPU.Build.0 = Debug|Any CPU
		{9F6A4F80-F04A-48C9-AECB-C0F39589AD83}.Release|Any CPU.ActiveCfg = Release|Any CPU
		{9F6A4F80-F04A-48C9-AECB-C0F39589AD83}.Release|Any CPU.Build.0 = Release|Any CPU
	EndGlobalSection
	GlobalSection(SolutionProperties) = preSolution
		HideSolutionNode = FALSE
	EndGlobalSection
	GlobalSection(ExtensibilityGlobals) = postSolution
		SolutionGuid = {881B5340-E5F1-4677-8984-6116195ED28F}
	EndGlobalSection
EndGlobal
