
Microsoft Visual Studio Solution File, Format Version 12.00
# Visual Studio Version 16
VisualStudioVersion = 16.0.30611.23
MinimumVisualStudioVersion = 10.0.40219.1
Project("{FAE04EC0-301F-11D3-BF4B-00C04F79EFBC}") = "laboratorul_2", "laboratorul_2\laboratorul_2.csproj", "{362F575A-5064-4945-A986-E5F967DFA660}"
EndProject
Global
	GlobalSection(SolutionConfigurationPlatforms) = preSolution
		Debug|Any CPU = Debug|Any CPU
		Release|Any CPU = Release|Any CPU
	EndGlobalSection
	GlobalSection(ProjectConfigurationPlatforms) = postSolution
		{362F575A-5064-4945-A986-E5F967DFA660}.Debug|Any CPU.ActiveCfg = Debug|Any CPU
		{362F575A-5064-4945-A986-E5F967DFA660}.Debug|Any CPU.Build.0 = Debug|Any CPU
		{362F575A-5064-4945-A986-E5F967DFA660}.Release|Any CPU.ActiveCfg = Release|Any CPU
		{362F575A-5064-4945-A986-E5F967DFA660}.Release|Any CPU.Build.0 = Release|Any CPU
	EndGlobalSection
	GlobalSection(SolutionProperties) = preSolution
		HideSolutionNode = FALSE
	EndGlobalSection
	GlobalSection(ExtensibilityGlobals) = postSolution
		SolutionGuid = {954C4CB5-CDB9-4286-9569-2C344FC8F8E5}
	EndGlobalSection
EndGlobal
