
Microsoft Visual Studio Solution File, Format Version 12.00
# Visual Studio Version 16
VisualStudioVersion = 16.0.30011.22
MinimumVisualStudioVersion = 10.0.40219.1
Project("{8BC9CEB8-8B4A-11D0-8D11-00A0C91BC942}") = "CFGtoCNF", "CFGtoCNF\CFGtoCNF.vcxproj", "{BE21CC9A-1CF2-4B35-BCE9-CB5C9844B8CC}"
EndProject
Global
	GlobalSection(SolutionConfigurationPlatforms) = preSolution
		Debug|x64 = Debug|x64
		Debug|x86 = Debug|x86
		Release|x64 = Release|x64
		Release|x86 = Release|x86
	EndGlobalSection
	GlobalSection(ProjectConfigurationPlatforms) = postSolution
		{BE21CC9A-1CF2-4B35-BCE9-CB5C9844B8CC}.Debug|x64.ActiveCfg = Debug|x64
		{BE21CC9A-1CF2-4B35-BCE9-CB5C9844B8CC}.Debug|x64.Build.0 = Debug|x64
		{BE21CC9A-1CF2-4B35-BCE9-CB5C9844B8CC}.Debug|x86.ActiveCfg = Debug|Win32
		{BE21CC9A-1CF2-4B35-BCE9-CB5C9844B8CC}.Debug|x86.Build.0 = Debug|Win32
		{BE21CC9A-1CF2-4B35-BCE9-CB5C9844B8CC}.Release|x64.ActiveCfg = Release|x64
		{BE21CC9A-1CF2-4B35-BCE9-CB5C9844B8CC}.Release|x64.Build.0 = Release|x64
		{BE21CC9A-1CF2-4B35-BCE9-CB5C9844B8CC}.Release|x86.ActiveCfg = Release|Win32
		{BE21CC9A-1CF2-4B35-BCE9-CB5C9844B8CC}.Release|x86.Build.0 = Release|Win32
	EndGlobalSection
	GlobalSection(SolutionProperties) = preSolution
		HideSolutionNode = FALSE
	EndGlobalSection
	GlobalSection(ExtensibilityGlobals) = postSolution
		SolutionGuid = {C72116E5-AB71-4289-A2F3-D2F67D92A079}
	EndGlobalSection
EndGlobal
