
Microsoft Visual Studio Solution File, Format Version 12.00
# Visual Studio Version 16
VisualStudioVersion = 16.0.30611.23
MinimumVisualStudioVersion = 10.0.40219.1
Project("{8BC9CEB8-8B4A-11D0-8D11-00A0C91BC942}") = "Tema_Termen_27.01.2021", "Tema_Termen_27.01.2021\Tema_Termen_27.01.2021.vcxproj", "{1AE64047-0A60-42B8-BA3F-2CFE0EE54BE1}"
EndProject
Global
	GlobalSection(SolutionConfigurationPlatforms) = preSolution
		Debug|x64 = Debug|x64
		Debug|x86 = Debug|x86
		Release|x64 = Release|x64
		Release|x86 = Release|x86
	EndGlobalSection
	GlobalSection(ProjectConfigurationPlatforms) = postSolution
		{1AE64047-0A60-42B8-BA3F-2CFE0EE54BE1}.Debug|x64.ActiveCfg = Debug|x64
		{1AE64047-0A60-42B8-BA3F-2CFE0EE54BE1}.Debug|x64.Build.0 = Debug|x64
		{1AE64047-0A60-42B8-BA3F-2CFE0EE54BE1}.Debug|x86.ActiveCfg = Debug|Win32
		{1AE64047-0A60-42B8-BA3F-2CFE0EE54BE1}.Debug|x86.Build.0 = Debug|Win32
		{1AE64047-0A60-42B8-BA3F-2CFE0EE54BE1}.Release|x64.ActiveCfg = Release|x64
		{1AE64047-0A60-42B8-BA3F-2CFE0EE54BE1}.Release|x64.Build.0 = Release|x64
		{1AE64047-0A60-42B8-BA3F-2CFE0EE54BE1}.Release|x86.ActiveCfg = Release|Win32
		{1AE64047-0A60-42B8-BA3F-2CFE0EE54BE1}.Release|x86.Build.0 = Release|Win32
	EndGlobalSection
	GlobalSection(SolutionProperties) = preSolution
		HideSolutionNode = FALSE
	EndGlobalSection
	GlobalSection(ExtensibilityGlobals) = postSolution
		SolutionGuid = {51491055-561A-446C-9B35-685975BC75C7}
	EndGlobalSection
EndGlobal
